github.com/Lednerb/bilberry-hugo-theme/v4 v4.0.0-alpha01 h1:N3ZMNTY2jvZAjIlHb6qtAKIEUXJLVGfP8C9Zb4JalPw=
github.com/Lednerb/bilberry-hugo-theme/v4 v4.0.0-alpha01/go.mod h1:275/d18gsd9E10jWfiaaFhRCt6VwratL3pbGw689IHg=
github.com/Lednerb/bilberry-hugo-theme/v4 v4.0.0-alpha03 h1:uauJhN/MSt5AZhtU3N0yHz7KfRsVld9k0TowxvyyZe8=
github.com/Lednerb/bilberry-hugo-theme/v4 v4.0.0-alpha03/go.mod h1:275/d18gsd9E10jWfiaaFhRCt6VwratL3pbGw689IHg=
