github.com/Lednerb/bilberry-hugo-theme/v4 v4.10.0 h1:JnK8wsySCkVOiRRYTaHwPeGLvSArvHifVW1zQXZkRE4=
github.com/Lednerb/bilberry-hugo-theme/v4 v4.10.0/go.mod h1:PhS2ifHzl6AS7CmyKYLygxpQmi3EPcD9DS/EXOFIoFo=
github.com/Lednerb/bilberry-hugo-theme/v4 v4.11.0 h1:KIz/yRAemk9Xo+BU/GoOhS+uxKe0cfcwewgk5eOg5fA=
github.com/Lednerb/bilberry-hugo-theme/v4 v4.11.0/go.mod h1:BssPF8roZpVOC3q+rjIZiTmtj6KkUufrEhFpwW4KY2c=
github.com/Lednerb/bilberry-hugo-theme/v4 v4.11.2 h1:yNXnoJT0jDbl7jCN+gpqh+YMyUu9LuhYdbRmCZxSNyk=
github.com/Lednerb/bilberry-hugo-theme/v4 v4.11.2/go.mod h1:BssPF8roZpVOC3q+rjIZiTmtj6KkUufrEhFpwW4KY2c=
