{
  "name": "algolia-helper",
  "version": "1.0.0",
  "lockfileVersion": 2,
  "requires": true,
  "packages": {
    "": {
      "name": "algolia-helper",
      "version": "1.0.0",
      "license": "ISC",
      "dependencies": {
        "algoliasearch": "^4.8.5"
      }
    },
    "node_modules/@algolia/cache-browser-local-storage": {
      "version": "4.8.5",
      "resolved": "https://registry.npmjs.org/@algolia/cache-browser-local-storage/-/cache-browser-local-storage-4.8.5.tgz",
      "integrity": "sha512-9rs/Yi82ilgifweJamOy4DlJ4xPGsCN/zg+RKy4vjytNhOrkEHLRQC8vPZ3OhD8KVlw9lRQIZTlgjgFl8iMeeA==",
      "dependencies": {
        "@algolia/cache-common": "4.8.5"
      }
    },
    "node_modules/@algolia/cache-common": {
      "version": "4.8.5",
      "resolved": "https://registry.npmjs.org/@algolia/cache-common/-/cache-common-4.8.5.tgz",
      "integrity": "sha512-4SvRWnagKtwBFAy8Rsfmv0/Uk53fZL+6dy2idwdx6SjMGKSs0y1Qv+thb4h/k/H5MONisAoT9C2rgZ/mqwh5yw=="
    },
    "node_modules/@algolia/cache-in-memory": {
      "version": "4.8.5",
      "resolved": "https://registry.npmjs.org/@algolia/cache-in-memory/-/cache-in-memory-4.8.5.tgz",
      "integrity": "sha512-XBBfqs28FbjwLboY3sxvuzBgYsuXdFsj2mUvkgxfb0GVEzwW4I0NM7KzSPwT+iht55WS1PgIOnynjmhPsrubCw==",
      "dependencies": {
        "@algolia/cache-common": "4.8.5"
      }
    },
    "node_modules/@algolia/client-account": {
      "version": "4.8.5",
      "resolved": "https://registry.npmjs.org/@algolia/client-account/-/client-account-4.8.5.tgz",
      "integrity": "sha512-DjXMpeCdY4J4IDBfowiG6Xl9ec/FhG1NpPQM0Uv4xXsc/TeeZ1JgbgNDhWe9jW0jBEALy+a/RmPrZ0vsxcadsg==",
      "dependencies": {
        "@algolia/client-common": "4.8.5",
        "@algolia/client-search": "4.8.5",
        "@algolia/transporter": "4.8.5"
      }
    },
    "node_modules/@algolia/client-analytics": {
      "version": "4.8.5",
      "resolved": "https://registry.npmjs.org/@algolia/client-analytics/-/client-analytics-4.8.5.tgz",
      "integrity": "sha512-PQEY+chbHmZnRJdaWsvUYzDpEPr60az0EPUexdouvXGZId15/SnDaXjnf89F7tYmCzkHdUtG4bSvPzAupQ4AFA==",
      "dependencies": {
        "@algolia/client-common": "4.8.5",
        "@algolia/client-search": "4.8.5",
        "@algolia/requester-common": "4.8.5",
        "@algolia/transporter": "4.8.5"
      }
    },
    "node_modules/@algolia/client-common": {
      "version": "4.8.5",
      "resolved": "https://registry.npmjs.org/@algolia/client-common/-/client-common-4.8.5.tgz",
      "integrity": "sha512-Dn8vog2VrGsJeOcBMcSAEIjBtPyogzUBGlh1DtVd0m8GN6q+cImCESl6DY846M2PTYWsLBKBksq37eUfSe9FxQ==",
      "dependencies": {
        "@algolia/requester-common": "4.8.5",
        "@algolia/transporter": "4.8.5"
      }
    },
    "node_modules/@algolia/client-recommendation": {
      "version": "4.8.5",
      "resolved": "https://registry.npmjs.org/@algolia/client-recommendation/-/client-recommendation-4.8.5.tgz",
      "integrity": "sha512-ffawCC1C25rCa8/JU2niRZgwr8aV9b2qsLVMo73GXFzi2lceXPAe9K68mt/BGHU+w7PFUwVHsV2VmB+G/HQRVw==",
      "dependencies": {
        "@algolia/client-common": "4.8.5",
        "@algolia/requester-common": "4.8.5",
        "@algolia/transporter": "4.8.5"
      }
    },
    "node_modules/@algolia/client-search": {
      "version": "4.8.5",
      "resolved": "https://registry.npmjs.org/@algolia/client-search/-/client-search-4.8.5.tgz",
      "integrity": "sha512-Ru2MljGZWrSQ0CVsDla11oGEPL/RinmVkLJfBtQ+/pk1868VfpAQFGKtOS/b8/xLrMA0Vm4EfC3Mgclk/p3KJA==",
      "dependencies": {
        "@algolia/client-common": "4.8.5",
        "@algolia/requester-common": "4.8.5",
        "@algolia/transporter": "4.8.5"
      }
    },
    "node_modules/@algolia/logger-common": {
      "version": "4.8.5",
      "resolved": "https://registry.npmjs.org/@algolia/logger-common/-/logger-common-4.8.5.tgz",
      "integrity": "sha512-PS6NS6bpED0rAxgCPGhjZJg9why0PnoVEE7ZoCbPq6lsAOc6FPlQLri4OiLyU7wx8RWDoVtOadyzulqAAsfPSQ=="
    },
    "node_modules/@algolia/logger-console": {
      "version": "4.8.5",
      "resolved": "https://registry.npmjs.org/@algolia/logger-console/-/logger-console-4.8.5.tgz",
      "integrity": "sha512-3+4gLSbwzuGmrb5go3IZNcFIYVMSbB4c8UMtWEJ/gDBtgGZIvT6f/KlvVSOHIhthSxaM3Y13V6Qile/SpGqc6A==",
      "dependencies": {
        "@algolia/logger-common": "4.8.5"
      }
    },
    "node_modules/@algolia/requester-browser-xhr": {
      "version": "4.8.5",
      "resolved": "https://registry.npmjs.org/@algolia/requester-browser-xhr/-/requester-browser-xhr-4.8.5.tgz",
      "integrity": "sha512-M/Gf2vv/fU4+CqDW+wok7HPpEcLym3NtDzU9zaPzGYI/9X7o36581oyfnzt2pNfsXSQVj5a2pZVUWC3Z4SO27w==",
      "dependencies": {
        "@algolia/requester-common": "4.8.5"
      }
    },
    "node_modules/@algolia/requester-common": {
      "version": "4.8.5",
      "resolved": "https://registry.npmjs.org/@algolia/requester-common/-/requester-common-4.8.5.tgz",
      "integrity": "sha512-OIhsdwIrJVAlVlP7cwlt+RoR5AmxAoTGrFokOY9imVmgqXUUljdKO/DjhRL8vwYGFEidZ9efIjAIQ2B3XOhT9A=="
    },
    "node_modules/@algolia/requester-node-http": {
      "version": "4.8.5",
      "resolved": "https://registry.npmjs.org/@algolia/requester-node-http/-/requester-node-http-4.8.5.tgz",
      "integrity": "sha512-viHAjfo53A3VSE7Bb/nzgpSMZ3prPp2qti7Wg8w7qxhntppKp3Fln6t4Vp+BoPOqruLsj139xXhheAKeRcYa0w==",
      "dependencies": {
        "@algolia/requester-common": "4.8.5"
      }
    },
    "node_modules/@algolia/transporter": {
      "version": "4.8.5",
      "resolved": "https://registry.npmjs.org/@algolia/transporter/-/transporter-4.8.5.tgz",
      "integrity": "sha512-Rb3cMlh/GoJK0+g+49GNA3IvR/EXsDEBwpyM+FOotSwxgiGt1wGBHM0K2v0GHwIEcuww02pl6KMDVlilA+qh0g==",
      "dependencies": {
        "@algolia/cache-common": "4.8.5",
        "@algolia/logger-common": "4.8.5",
        "@algolia/requester-common": "4.8.5"
      }
    },
    "node_modules/algoliasearch": {
      "version": "4.8.5",
      "resolved": "https://registry.npmjs.org/algoliasearch/-/algoliasearch-4.8.5.tgz",
      "integrity": "sha512-GjKjpeevpePEJYinGokASNtIkl1t5EseNMlqDNAc+sXE8+iyyeqTyiJsN7bwlRG2BIremuslE/NlwdEfUuBLJw==",
      "dependencies": {
        "@algolia/cache-browser-local-storage": "4.8.5",
        "@algolia/cache-common": "4.8.5",
        "@algolia/cache-in-memory": "4.8.5",
        "@algolia/client-account": "4.8.5",
        "@algolia/client-analytics": "4.8.5",
        "@algolia/client-common": "4.8.5",
        "@algolia/client-recommendation": "4.8.5",
        "@algolia/client-search": "4.8.5",
        "@algolia/logger-common": "4.8.5",
        "@algolia/logger-console": "4.8.5",
        "@algolia/requester-browser-xhr": "4.8.5",
        "@algolia/requester-common": "4.8.5",
        "@algolia/requester-node-http": "4.8.5",
        "@algolia/transporter": "4.8.5"
      }
    }
  },
  "dependencies": {
    "@algolia/cache-browser-local-storage": {
      "version": "4.8.5",
      "resolved": "https://registry.npmjs.org/@algolia/cache-browser-local-storage/-/cache-browser-local-storage-4.8.5.tgz",
      "integrity": "sha512-9rs/Yi82ilgifweJamOy4DlJ4xPGsCN/zg+RKy4vjytNhOrkEHLRQC8vPZ3OhD8KVlw9lRQIZTlgjgFl8iMeeA==",
      "requires": {
        "@algolia/cache-common": "4.8.5"
      }
    },
    "@algolia/cache-common": {
      "version": "4.8.5",
      "resolved": "https://registry.npmjs.org/@algolia/cache-common/-/cache-common-4.8.5.tgz",
      "integrity": "sha512-4SvRWnagKtwBFAy8Rsfmv0/Uk53fZL+6dy2idwdx6SjMGKSs0y1Qv+thb4h/k/H5MONisAoT9C2rgZ/mqwh5yw=="
    },
    "@algolia/cache-in-memory": {
      "version": "4.8.5",
      "resolved": "https://registry.npmjs.org/@algolia/cache-in-memory/-/cache-in-memory-4.8.5.tgz",
      "integrity": "sha512-XBBfqs28FbjwLboY3sxvuzBgYsuXdFsj2mUvkgxfb0GVEzwW4I0NM7KzSPwT+iht55WS1PgIOnynjmhPsrubCw==",
      "requires": {
        "@algolia/cache-common": "4.8.5"
      }
    },
    "@algolia/client-account": {
      "version": "4.8.5",
      "resolved": "https://registry.npmjs.org/@algolia/client-account/-/client-account-4.8.5.tgz",
      "integrity": "sha512-DjXMpeCdY4J4IDBfowiG6Xl9ec/FhG1NpPQM0Uv4xXsc/TeeZ1JgbgNDhWe9jW0jBEALy+a/RmPrZ0vsxcadsg==",
      "requires": {
        "@algolia/client-common": "4.8.5",
        "@algolia/client-search": "4.8.5",
        "@algolia/transporter": "4.8.5"
      }
    },
    "@algolia/client-analytics": {
      "version": "4.8.5",
      "resolved": "https://registry.npmjs.org/@algolia/client-analytics/-/client-analytics-4.8.5.tgz",
      "integrity": "sha512-PQEY+chbHmZnRJdaWsvUYzDpEPr60az0EPUexdouvXGZId15/SnDaXjnf89F7tYmCzkHdUtG4bSvPzAupQ4AFA==",
      "requires": {
        "@algolia/client-common": "4.8.5",
        "@algolia/client-search": "4.8.5",
        "@algolia/requester-common": "4.8.5",
        "@algolia/transporter": "4.8.5"
      }
    },
    "@algolia/client-common": {
      "version": "4.8.5",
      "resolved": "https://registry.npmjs.org/@algolia/client-common/-/client-common-4.8.5.tgz",
      "integrity": "sha512-Dn8vog2VrGsJeOcBMcSAEIjBtPyogzUBGlh1DtVd0m8GN6q+cImCESl6DY846M2PTYWsLBKBksq37eUfSe9FxQ==",
      "requires": {
        "@algolia/requester-common": "4.8.5",
        "@algolia/transporter": "4.8.5"
      }
    },
    "@algolia/client-recommendation": {
      "version": "4.8.5",
      "resolved": "https://registry.npmjs.org/@algolia/client-recommendation/-/client-recommendation-4.8.5.tgz",
      "integrity": "sha512-ffawCC1C25rCa8/JU2niRZgwr8aV9b2qsLVMo73GXFzi2lceXPAe9K68mt/BGHU+w7PFUwVHsV2VmB+G/HQRVw==",
      "requires": {
        "@algolia/client-common": "4.8.5",
        "@algolia/requester-common": "4.8.5",
        "@algolia/transporter": "4.8.5"
      }
    },
    "@algolia/client-search": {
      "version": "4.8.5",
      "resolved": "https://registry.npmjs.org/@algolia/client-search/-/client-search-4.8.5.tgz",
      "integrity": "sha512-Ru2MljGZWrSQ0CVsDla11oGEPL/RinmVkLJfBtQ+/pk1868VfpAQFGKtOS/b8/xLrMA0Vm4EfC3Mgclk/p3KJA==",
      "requires": {
        "@algolia/client-common": "4.8.5",
        "@algolia/requester-common": "4.8.5",
        "@algolia/transporter": "4.8.5"
      }
    },
    "@algolia/logger-common": {
      "version": "4.8.5",
      "resolved": "https://registry.npmjs.org/@algolia/logger-common/-/logger-common-4.8.5.tgz",
      "integrity": "sha512-PS6NS6bpED0rAxgCPGhjZJg9why0PnoVEE7ZoCbPq6lsAOc6FPlQLri4OiLyU7wx8RWDoVtOadyzulqAAsfPSQ=="
    },
    "@algolia/logger-console": {
      "version": "4.8.5",
      "resolved": "https://registry.npmjs.org/@algolia/logger-console/-/logger-console-4.8.5.tgz",
      "integrity": "sha512-3+4gLSbwzuGmrb5go3IZNcFIYVMSbB4c8UMtWEJ/gDBtgGZIvT6f/KlvVSOHIhthSxaM3Y13V6Qile/SpGqc6A==",
      "requires": {
        "@algolia/logger-common": "4.8.5"
      }
    },
    "@algolia/requester-browser-xhr": {
      "version": "4.8.5",
      "resolved": "https://registry.npmjs.org/@algolia/requester-browser-xhr/-/requester-browser-xhr-4.8.5.tgz",
      "integrity": "sha512-M/Gf2vv/fU4+CqDW+wok7HPpEcLym3NtDzU9zaPzGYI/9X7o36581oyfnzt2pNfsXSQVj5a2pZVUWC3Z4SO27w==",
      "requires": {
        "@algolia/requester-common": "4.8.5"
      }
    },
    "@algolia/requester-common": {
      "version": "4.8.5",
      "resolved": "https://registry.npmjs.org/@algolia/requester-common/-/requester-common-4.8.5.tgz",
      "integrity": "sha512-OIhsdwIrJVAlVlP7cwlt+RoR5AmxAoTGrFokOY9imVmgqXUUljdKO/DjhRL8vwYGFEidZ9efIjAIQ2B3XOhT9A=="
    },
    "@algolia/requester-node-http": {
      "version": "4.8.5",
      "resolved": "https://registry.npmjs.org/@algolia/requester-node-http/-/requester-node-http-4.8.5.tgz",
      "integrity": "sha512-viHAjfo53A3VSE7Bb/nzgpSMZ3prPp2qti7Wg8w7qxhntppKp3Fln6t4Vp+BoPOqruLsj139xXhheAKeRcYa0w==",
      "requires": {
        "@algolia/requester-common": "4.8.5"
      }
    },
    "@algolia/transporter": {
      "version": "4.8.5",
      "resolved": "https://registry.npmjs.org/@algolia/transporter/-/transporter-4.8.5.tgz",
      "integrity": "sha512-Rb3cMlh/GoJK0+g+49GNA3IvR/EXsDEBwpyM+FOotSwxgiGt1wGBHM0K2v0GHwIEcuww02pl6KMDVlilA+qh0g==",
      "requires": {
        "@algolia/cache-common": "4.8.5",
        "@algolia/logger-common": "4.8.5",
        "@algolia/requester-common": "4.8.5"
      }
    },
    "algoliasearch": {
      "version": "4.8.5",
      "resolved": "https://registry.npmjs.org/algoliasearch/-/algoliasearch-4.8.5.tgz",
      "integrity": "sha512-GjKjpeevpePEJYinGokASNtIkl1t5EseNMlqDNAc+sXE8+iyyeqTyiJsN7bwlRG2BIremuslE/NlwdEfUuBLJw==",
      "requires": {
        "@algolia/cache-browser-local-storage": "4.8.5",
        "@algolia/cache-common": "4.8.5",
        "@algolia/cache-in-memory": "4.8.5",
        "@algolia/client-account": "4.8.5",
        "@algolia/client-analytics": "4.8.5",
        "@algolia/client-common": "4.8.5",
        "@algolia/client-recommendation": "4.8.5",
        "@algolia/client-search": "4.8.5",
        "@algolia/logger-common": "4.8.5",
        "@algolia/logger-console": "4.8.5",
        "@algolia/requester-browser-xhr": "4.8.5",
        "@algolia/requester-common": "4.8.5",
        "@algolia/requester-node-http": "4.8.5",
        "@algolia/transporter": "4.8.5"
      }
    }
  }
}
